
Microsoft Visual Studio Solution File, Format Version 12.00
# Visual Studio Version 17
VisualStudioVersion = 17.4.33122.133
MinimumVisualStudioVersion = 10.0.40219.1
Project("{9A19103F-16F7-4668-BE54-9A1E7A4F7556}") = "SampleBlogApp", "SampleBlogApp\SampleBlogApp.csproj", "{76E33A35-5595-4BA0-B784-A6849977AE75}"
EndProject
Project("{9A19103F-16F7-4668-BE54-9A1E7A4F7556}") = "SampleBlogApp.Services", "SampleBlogApp.Services\SampleBlogApp.Services.csproj", "{B78986D2-28D5-4CE5-830B-964DEB305576}"
EndProject
Global
	GlobalSection(SolutionConfigurationPlatforms) = preSolution
		Debug|Any CPU = Debug|Any CPU
		Release|Any CPU = Release|Any CPU
	EndGlobalSection
	GlobalSection(ProjectConfigurationPlatforms) = postSolution
		{76E33A35-5595-4BA0-B784-A6849977AE75}.Debug|Any CPU.ActiveCfg = Debug|Any CPU
		{76E33A35-5595-4BA0-B784-A6849977AE75}.Debug|Any CPU.Build.0 = Debug|Any CPU
		{76E33A35-5595-4BA0-B784-A6849977AE75}.Release|Any CPU.ActiveCfg = Release|Any CPU
		{76E33A35-5595-4BA0-B784-A6849977AE75}.Release|Any CPU.Build.0 = Release|Any CPU
		{B78986D2-28D5-4CE5-830B-964DEB305576}.Debug|Any CPU.ActiveCfg = Debug|Any CPU
		{B78986D2-28D5-4CE5-830B-964DEB305576}.Debug|Any CPU.Build.0 = Debug|Any CPU
		{B78986D2-28D5-4CE5-830B-964DEB305576}.Release|Any CPU.ActiveCfg = Release|Any CPU
		{B78986D2-28D5-4CE5-830B-964DEB305576}.Release|Any CPU.Build.0 = Release|Any CPU
	EndGlobalSection
	GlobalSection(SolutionProperties) = preSolution
		HideSolutionNode = FALSE
	EndGlobalSection
	GlobalSection(ExtensibilityGlobals) = postSolution
		SolutionGuid = {51F79B41-ADEA-49A6-B8B1-628A158FCD81}
	EndGlobalSection
EndGlobal
